
Microsoft Visual Studio Solution File, Format Version 12.00
# Visual Studio Version 17
VisualStudioVersion = 17.10.35122.118
MinimumVisualStudioVersion = 10.0.40219.1
Project("{FAE04EC0-301F-11D3-BF4B-00C04F79EFBC}") = "Project_Batch4", "Project_Batch4\Project_Batch4.csproj", "{D7DA5834-9302-4570-9156-31E33F8D3574}"
EndProject
Global
	GlobalSection(SolutionConfigurationPlatforms) = preSolution
		Debug|Any CPU = Debug|Any CPU
		Release|Any CPU = Release|Any CPU
	EndGlobalSection
	GlobalSection(ProjectConfigurationPlatforms) = postSolution
		{D7DA5834-9302-4570-9156-31E33F8D3574}.Debug|Any CPU.ActiveCfg = Debug|Any CPU
		{D7DA5834-9302-4570-9156-31E33F8D3574}.Debug|Any CPU.Build.0 = Debug|Any CPU
		{D7DA5834-9302-4570-9156-31E33F8D3574}.Release|Any CPU.ActiveCfg = Release|Any CPU
		{D7DA5834-9302-4570-9156-31E33F8D3574}.Release|Any CPU.Build.0 = Release|Any CPU
	EndGlobalSection
	GlobalSection(SolutionProperties) = preSolution
		HideSolutionNode = FALSE
	EndGlobalSection
	GlobalSection(ExtensibilityGlobals) = postSolution
		SolutionGuid = {BB9F08D7-7AAE-4586-85E3-41B00B1C00BA}
	EndGlobalSection
EndGlobal
