
Microsoft Visual Studio Solution File, Format Version 12.00
# Visual Studio Version 17
VisualStudioVersion = 17.10.35122.118
MinimumVisualStudioVersion = 10.0.40219.1
Project("{FAE04EC0-301F-11D3-BF4B-00C04F79EFBC}") = "Project_Booking", "Project_Booking\Project_Booking.csproj", "{355C470B-E746-440A-98BD-6AE396A50646}"
EndProject
Global
	GlobalSection(SolutionConfigurationPlatforms) = preSolution
		Debug|Any CPU = Debug|Any CPU
		Release|Any CPU = Release|Any CPU
	EndGlobalSection
	GlobalSection(ProjectConfigurationPlatforms) = postSolution
		{355C470B-E746-440A-98BD-6AE396A50646}.Debug|Any CPU.ActiveCfg = Debug|Any CPU
		{355C470B-E746-440A-98BD-6AE396A50646}.Debug|Any CPU.Build.0 = Debug|Any CPU
		{355C470B-E746-440A-98BD-6AE396A50646}.Release|Any CPU.ActiveCfg = Release|Any CPU
		{355C470B-E746-440A-98BD-6AE396A50646}.Release|Any CPU.Build.0 = Release|Any CPU
	EndGlobalSection
	GlobalSection(SolutionProperties) = preSolution
		HideSolutionNode = FALSE
	EndGlobalSection
	GlobalSection(ExtensibilityGlobals) = postSolution
		SolutionGuid = {D6CA4A93-09A7-4F79-A50B-A7BC9AEFBDB1}
	EndGlobalSection
EndGlobal
