
Microsoft Visual Studio Solution File, Format Version 12.00
# Visual Studio Version 17
VisualStudioVersion = 17.10.35122.118
MinimumVisualStudioVersion = 10.0.40219.1
Project("{FAE04EC0-301F-11D3-BF4B-00C04F79EFBC}") = "Project_Feedback", "Project_Feedback\Project_Feedback.csproj", "{B75575D3-8232-428E-A3E5-0611BD014728}"
EndProject
Global
	GlobalSection(SolutionConfigurationPlatforms) = preSolution
		Debug|Any CPU = Debug|Any CPU
		Release|Any CPU = Release|Any CPU
	EndGlobalSection
	GlobalSection(ProjectConfigurationPlatforms) = postSolution
		{B75575D3-8232-428E-A3E5-0611BD014728}.Debug|Any CPU.ActiveCfg = Debug|Any CPU
		{B75575D3-8232-428E-A3E5-0611BD014728}.Debug|Any CPU.Build.0 = Debug|Any CPU
		{B75575D3-8232-428E-A3E5-0611BD014728}.Release|Any CPU.ActiveCfg = Release|Any CPU
		{B75575D3-8232-428E-A3E5-0611BD014728}.Release|Any CPU.Build.0 = Release|Any CPU
	EndGlobalSection
	GlobalSection(SolutionProperties) = preSolution
		HideSolutionNode = FALSE
	EndGlobalSection
	GlobalSection(ExtensibilityGlobals) = postSolution
		SolutionGuid = {1D3E0977-809A-4676-834A-1EB708B72AFD}
	EndGlobalSection
EndGlobal
